
Microsoft Visual Studio Solution File, Format Version 12.00
# Visual Studio Version 16
VisualStudioVersion = 16.0.30907.101
MinimumVisualStudioVersion = 10.0.40219.1
Project("{9A19103F-16F7-4668-BE54-9A1E7A4F7556}") = "Hello World", "Hello World\Hello World.csproj", "{22EAAFF7-9836-482E-9D52-595DEBAE4F04}"
EndProject
Project("{9A19103F-16F7-4668-BE54-9A1E7A4F7556}") = "Bibliotek", "..\Bibliotek\Bibliotek\Bibliotek.csproj", "{BBA1B975-D28A-4FC1-8ABF-4F92CE2A493B}"
EndProject
Global
	GlobalSection(SolutionConfigurationPlatforms) = preSolution
		Debug|Any CPU = Debug|Any CPU
		Release|Any CPU = Release|Any CPU
	EndGlobalSection
	GlobalSection(ProjectConfigurationPlatforms) = postSolution
		{22EAAFF7-9836-482E-9D52-595DEBAE4F04}.Debug|Any CPU.ActiveCfg = Debug|Any CPU
		{22EAAFF7-9836-482E-9D52-595DEBAE4F04}.Debug|Any CPU.Build.0 = Debug|Any CPU
		{22EAAFF7-9836-482E-9D52-595DEBAE4F04}.Release|Any CPU.ActiveCfg = Release|Any CPU
		{22EAAFF7-9836-482E-9D52-595DEBAE4F04}.Release|Any CPU.Build.0 = Release|Any CPU
		{BBA1B975-D28A-4FC1-8ABF-4F92CE2A493B}.Debug|Any CPU.ActiveCfg = Debug|Any CPU
		{BBA1B975-D28A-4FC1-8ABF-4F92CE2A493B}.Debug|Any CPU.Build.0 = Debug|Any CPU
		{BBA1B975-D28A-4FC1-8ABF-4F92CE2A493B}.Release|Any CPU.ActiveCfg = Release|Any CPU
		{BBA1B975-D28A-4FC1-8ABF-4F92CE2A493B}.Release|Any CPU.Build.0 = Release|Any CPU
	EndGlobalSection
	GlobalSection(SolutionProperties) = preSolution
		HideSolutionNode = FALSE
	EndGlobalSection
	GlobalSection(ExtensibilityGlobals) = postSolution
		SolutionGuid = {D12C6A03-72D0-431F-9706-B9F4F1453F43}
	EndGlobalSection
EndGlobal
